
Microsoft Visual Studio Solution File, Format Version 12.00
# Visual Studio 15
VisualStudioVersion = 15.0.28307.271
MinimumVisualStudioVersion = 10.0.40219.1
Project("{9A19103F-16F7-4668-BE54-9A1E7A4F7556}") = "BooksApi", "BooksApi.csproj", "{9F5BCE9B-6C37-404A-9C28-255F39C3AA4C}"
EndProject
Global
	GlobalSection(SolutionConfigurationPlatforms) = preSolution
		Debug|Any CPU = Debug|Any CPU
		Release|Any CPU = Release|Any CPU
	EndGlobalSection
	GlobalSection(ProjectConfigurationPlatforms) = postSolution
		{9F5BCE9B-6C37-404A-9C28-255F39C3AA4C}.Debug|Any CPU.ActiveCfg = Debug|Any CPU
		{9F5BCE9B-6C37-404A-9C28-255F39C3AA4C}.Debug|Any CPU.Build.0 = Debug|Any CPU
		{9F5BCE9B-6C37-404A-9C28-255F39C3AA4C}.Release|Any CPU.ActiveCfg = Release|Any CPU
		{9F5BCE9B-6C37-404A-9C28-255F39C3AA4C}.Release|Any CPU.Build.0 = Release|Any CPU
	EndGlobalSection
	GlobalSection(SolutionProperties) = preSolution
		HideSolutionNode = FALSE
	EndGlobalSection
	GlobalSection(ExtensibilityGlobals) = postSolution
		SolutionGuid = {E67ABF43-E231-4961-81C7-0E7F268ACCDB}
	EndGlobalSection
EndGlobal
