
Microsoft Visual Studio Solution File, Format Version 12.00
# Visual Studio 15
VisualStudioVersion = 15.0.28307.572
MinimumVisualStudioVersion = 10.0.40219.1
Project("{FAE04EC0-301F-11D3-BF4B-00C04F79EFBC}") = "mvcCookieAuthSample3", "mvcCookieAuthSample3\mvcCookieAuthSample3.csproj", "{5B4499CA-47FE-4032-8A15-D7EAA976A5E9}"
EndProject
Global
	GlobalSection(SolutionConfigurationPlatforms) = preSolution
		Debug|Any CPU = Debug|Any CPU
		Release|Any CPU = Release|Any CPU
	EndGlobalSection
	GlobalSection(ProjectConfigurationPlatforms) = postSolution
		{5B4499CA-47FE-4032-8A15-D7EAA976A5E9}.Debug|Any CPU.ActiveCfg = Debug|Any CPU
		{5B4499CA-47FE-4032-8A15-D7EAA976A5E9}.Debug|Any CPU.Build.0 = Debug|Any CPU
		{5B4499CA-47FE-4032-8A15-D7EAA976A5E9}.Release|Any CPU.ActiveCfg = Release|Any CPU
		{5B4499CA-47FE-4032-8A15-D7EAA976A5E9}.Release|Any CPU.Build.0 = Release|Any CPU
	EndGlobalSection
	GlobalSection(SolutionProperties) = preSolution
		HideSolutionNode = FALSE
	EndGlobalSection
	GlobalSection(ExtensibilityGlobals) = postSolution
		SolutionGuid = {3E845EB6-E6FF-4B69-B43B-388AFDAB4E9E}
	EndGlobalSection
EndGlobal
