
Microsoft Visual Studio Solution File, Format Version 12.00
# Visual Studio 15
VisualStudioVersion = 15.0.28307.572
MinimumVisualStudioVersion = 10.0.40219.1
Project("{2150E333-8FDC-42A3-9474-1A3956D46DE8}") = "Core", "Core", "{D6F90E52-0D21-4462-9305-3EB5F41129CD}"
EndProject
Project("{FAE04EC0-301F-11D3-BF4B-00C04F79EFBC}") = "DgTM.Domain", "DgTM.Domain\DgTM.Domain.csproj", "{3F3138A7-ED5A-4206-9A2B-A33653EF99F5}"
EndProject
Global
	GlobalSection(SolutionConfigurationPlatforms) = preSolution
		Debug|Any CPU = Debug|Any CPU
		Release|Any CPU = Release|Any CPU
	EndGlobalSection
	GlobalSection(ProjectConfigurationPlatforms) = postSolution
		{3F3138A7-ED5A-4206-9A2B-A33653EF99F5}.Debug|Any CPU.ActiveCfg = Debug|Any CPU
		{3F3138A7-ED5A-4206-9A2B-A33653EF99F5}.Debug|Any CPU.Build.0 = Debug|Any CPU
		{3F3138A7-ED5A-4206-9A2B-A33653EF99F5}.Release|Any CPU.ActiveCfg = Release|Any CPU
		{3F3138A7-ED5A-4206-9A2B-A33653EF99F5}.Release|Any CPU.Build.0 = Release|Any CPU
	EndGlobalSection
	GlobalSection(SolutionProperties) = preSolution
		HideSolutionNode = FALSE
	EndGlobalSection
	GlobalSection(NestedProjects) = preSolution
		{3F3138A7-ED5A-4206-9A2B-A33653EF99F5} = {D6F90E52-0D21-4462-9305-3EB5F41129CD}
	EndGlobalSection
	GlobalSection(ExtensibilityGlobals) = postSolution
		SolutionGuid = {393825C3-F0DE-43BD-AA31-D5B013FBF69D}
	EndGlobalSection
EndGlobal
