
Microsoft Visual Studio Solution File, Format Version 12.00
# Visual Studio 15
VisualStudioVersion = 15.0.28307.572
MinimumVisualStudioVersion = 10.0.40219.1
Project("{9A19103F-16F7-4668-BE54-9A1E7A4F7556}") = "Trump.Domain", "Trump.Domain\Trump.Domain.csproj", "{D4512B4C-B077-41BE-BB28-5489D16BAD7C}"
EndProject
Project("{9A19103F-16F7-4668-BE54-9A1E7A4F7556}") = "Trump.EF", "Trump.EF\Trump.EF.csproj", "{57B9234F-5F48-4A35-BD14-1F90DEC05F21}"
EndProject
Project("{9A19103F-16F7-4668-BE54-9A1E7A4F7556}") = "Trump.Application", "Trump.Application\Trump.Application.csproj", "{5320DDC4-AAF5-44DB-83B1-8B0CCE2FBCC2}"
EndProject
Project("{9A19103F-16F7-4668-BE54-9A1E7A4F7556}") = "Trump.Host.Core", "Trump.Host.Core\Trump.Host.Core.csproj", "{E2A634F8-A5FE-4380-9871-C1010C60A0EF}"
EndProject
Project("{2150E333-8FDC-42A3-9474-1A3956D46DE8}") = "Ninesky", "Ninesky", "{60E26232-8042-42FA-96C9-81EA9157CF18}"
EndProject
Project("{9A19103F-16F7-4668-BE54-9A1E7A4F7556}") = "Ninesky.Core", "Ninesky.Core\Ninesky.Core.csproj", "{AD7C5D8A-8F60-436F-B2A1-C2DFFF4071F7}"
EndProject
Project("{9A19103F-16F7-4668-BE54-9A1E7A4F7556}") = "Ninesky.EF", "Ninesky.EF\Ninesky.EF.csproj", "{0FB97755-6729-4273-B7A8-A40B0EC21CA9}"
EndProject
Project("{2150E333-8FDC-42A3-9474-1A3956D46DE8}") = "Trump", "Trump", "{267CE050-2CA2-46C8-AA50-0F0568BD74C4}"
EndProject
Project("{2150E333-8FDC-42A3-9474-1A3956D46DE8}") = "EFBaseRepos", "EFBaseRepos", "{F2ECA0D9-136D-482C-B46A-F8DE42857964}"
EndProject
Project("{9A19103F-16F7-4668-BE54-9A1E7A4F7556}") = "BaseDg.EF", "BaseDg.EF\BaseDg.EF.csproj", "{87C6CD7F-30D7-4B25-BFDB-8B498AB7785B}"
EndProject
Project("{9A19103F-16F7-4668-BE54-9A1E7A4F7556}") = "BaseDg.App", "BaseDg.App\BaseDg.App.csproj", "{D395D459-3053-45B1-93EF-137C04C71AE0}"
EndProject
Project("{2150E333-8FDC-42A3-9474-1A3956D46DE8}") = "Framework", "Framework", "{246A548F-4A62-4594-BDA7-F4D7856BE0D9}"
EndProject
Project("{FAE04EC0-301F-11D3-BF4B-00C04F79EFBC}") = "Framework.EF", "Framework.EF\Framework.EF.csproj", "{F1156124-A870-4BA8-9C04-7ECD659559EB}"
EndProject
Project("{2150E333-8FDC-42A3-9474-1A3956D46DE8}") = "TestEF", "TestEF", "{9376BBF7-CE7A-44F4-9219-A93633629F81}"
EndProject
Project("{FAE04EC0-301F-11D3-BF4B-00C04F79EFBC}") = "TestEF.EF", "TestEF.EF\TestEF.EF.csproj", "{72316C71-D700-4051-A045-4704CB94C2FB}"
EndProject
Project("{FAE04EC0-301F-11D3-BF4B-00C04F79EFBC}") = "TestEF.Host", "TestEF.Host\TestEF.Host.csproj", "{D6F127EE-E801-4187-9A5F-0597FB6A88A9}"
EndProject
Project("{2150E333-8FDC-42A3-9474-1A3956D46DE8}") = "Fonour", "Fonour", "{09449129-1CC9-45E8-802A-E226D6517701}"
EndProject
Project("{FAE04EC0-301F-11D3-BF4B-00C04F79EFBC}") = "Fonour.EntityFrameworkCore", "Fonour.EntityFrameworkCore\Fonour.EntityFrameworkCore.csproj", "{3049646D-3C10-4DB3-9FB1-2D9717B80C83}"
EndProject
Project("{FAE04EC0-301F-11D3-BF4B-00C04F79EFBC}") = "Fonour.Domain", "Fonour.Domain\Fonour.Domain.csproj", "{78217145-51F4-4482-BB49-B5B89FF925D5}"
EndProject
Project("{FAE04EC0-301F-11D3-BF4B-00C04F79EFBC}") = "Fonour.Host", "Fonour.Host\Fonour.Host.csproj", "{FF8BEC66-19E2-45B2-AB49-FB46027B15D3}"
EndProject
Global
	GlobalSection(SolutionConfigurationPlatforms) = preSolution
		Debug|Any CPU = Debug|Any CPU
		Release|Any CPU = Release|Any CPU
	EndGlobalSection
	GlobalSection(ProjectConfigurationPlatforms) = postSolution
		{D4512B4C-B077-41BE-BB28-5489D16BAD7C}.Debug|Any CPU.ActiveCfg = Debug|Any CPU
		{D4512B4C-B077-41BE-BB28-5489D16BAD7C}.Debug|Any CPU.Build.0 = Debug|Any CPU
		{D4512B4C-B077-41BE-BB28-5489D16BAD7C}.Release|Any CPU.ActiveCfg = Release|Any CPU
		{D4512B4C-B077-41BE-BB28-5489D16BAD7C}.Release|Any CPU.Build.0 = Release|Any CPU
		{57B9234F-5F48-4A35-BD14-1F90DEC05F21}.Debug|Any CPU.ActiveCfg = Debug|Any CPU
		{57B9234F-5F48-4A35-BD14-1F90DEC05F21}.Debug|Any CPU.Build.0 = Debug|Any CPU
		{57B9234F-5F48-4A35-BD14-1F90DEC05F21}.Release|Any CPU.ActiveCfg = Release|Any CPU
		{57B9234F-5F48-4A35-BD14-1F90DEC05F21}.Release|Any CPU.Build.0 = Release|Any CPU
		{5320DDC4-AAF5-44DB-83B1-8B0CCE2FBCC2}.Debug|Any CPU.ActiveCfg = Debug|Any CPU
		{5320DDC4-AAF5-44DB-83B1-8B0CCE2FBCC2}.Debug|Any CPU.Build.0 = Debug|Any CPU
		{5320DDC4-AAF5-44DB-83B1-8B0CCE2FBCC2}.Release|Any CPU.ActiveCfg = Release|Any CPU
		{5320DDC4-AAF5-44DB-83B1-8B0CCE2FBCC2}.Release|Any CPU.Build.0 = Release|Any CPU
		{E2A634F8-A5FE-4380-9871-C1010C60A0EF}.Debug|Any CPU.ActiveCfg = Debug|Any CPU
		{E2A634F8-A5FE-4380-9871-C1010C60A0EF}.Debug|Any CPU.Build.0 = Debug|Any CPU
		{E2A634F8-A5FE-4380-9871-C1010C60A0EF}.Release|Any CPU.ActiveCfg = Release|Any CPU
		{E2A634F8-A5FE-4380-9871-C1010C60A0EF}.Release|Any CPU.Build.0 = Release|Any CPU
		{AD7C5D8A-8F60-436F-B2A1-C2DFFF4071F7}.Debug|Any CPU.ActiveCfg = Debug|Any CPU
		{AD7C5D8A-8F60-436F-B2A1-C2DFFF4071F7}.Debug|Any CPU.Build.0 = Debug|Any CPU
		{AD7C5D8A-8F60-436F-B2A1-C2DFFF4071F7}.Release|Any CPU.ActiveCfg = Release|Any CPU
		{AD7C5D8A-8F60-436F-B2A1-C2DFFF4071F7}.Release|Any CPU.Build.0 = Release|Any CPU
		{0FB97755-6729-4273-B7A8-A40B0EC21CA9}.Debug|Any CPU.ActiveCfg = Debug|Any CPU
		{0FB97755-6729-4273-B7A8-A40B0EC21CA9}.Debug|Any CPU.Build.0 = Debug|Any CPU
		{0FB97755-6729-4273-B7A8-A40B0EC21CA9}.Release|Any CPU.ActiveCfg = Release|Any CPU
		{0FB97755-6729-4273-B7A8-A40B0EC21CA9}.Release|Any CPU.Build.0 = Release|Any CPU
		{87C6CD7F-30D7-4B25-BFDB-8B498AB7785B}.Debug|Any CPU.ActiveCfg = Debug|Any CPU
		{87C6CD7F-30D7-4B25-BFDB-8B498AB7785B}.Debug|Any CPU.Build.0 = Debug|Any CPU
		{87C6CD7F-30D7-4B25-BFDB-8B498AB7785B}.Release|Any CPU.ActiveCfg = Release|Any CPU
		{87C6CD7F-30D7-4B25-BFDB-8B498AB7785B}.Release|Any CPU.Build.0 = Release|Any CPU
		{D395D459-3053-45B1-93EF-137C04C71AE0}.Debug|Any CPU.ActiveCfg = Debug|Any CPU
		{D395D459-3053-45B1-93EF-137C04C71AE0}.Debug|Any CPU.Build.0 = Debug|Any CPU
		{D395D459-3053-45B1-93EF-137C04C71AE0}.Release|Any CPU.ActiveCfg = Release|Any CPU
		{D395D459-3053-45B1-93EF-137C04C71AE0}.Release|Any CPU.Build.0 = Release|Any CPU
		{F1156124-A870-4BA8-9C04-7ECD659559EB}.Debug|Any CPU.ActiveCfg = Debug|Any CPU
		{F1156124-A870-4BA8-9C04-7ECD659559EB}.Debug|Any CPU.Build.0 = Debug|Any CPU
		{F1156124-A870-4BA8-9C04-7ECD659559EB}.Release|Any CPU.ActiveCfg = Release|Any CPU
		{F1156124-A870-4BA8-9C04-7ECD659559EB}.Release|Any CPU.Build.0 = Release|Any CPU
		{72316C71-D700-4051-A045-4704CB94C2FB}.Debug|Any CPU.ActiveCfg = Debug|Any CPU
		{72316C71-D700-4051-A045-4704CB94C2FB}.Debug|Any CPU.Build.0 = Debug|Any CPU
		{72316C71-D700-4051-A045-4704CB94C2FB}.Release|Any CPU.ActiveCfg = Release|Any CPU
		{72316C71-D700-4051-A045-4704CB94C2FB}.Release|Any CPU.Build.0 = Release|Any CPU
		{D6F127EE-E801-4187-9A5F-0597FB6A88A9}.Debug|Any CPU.ActiveCfg = Debug|Any CPU
		{D6F127EE-E801-4187-9A5F-0597FB6A88A9}.Debug|Any CPU.Build.0 = Debug|Any CPU
		{D6F127EE-E801-4187-9A5F-0597FB6A88A9}.Release|Any CPU.ActiveCfg = Release|Any CPU
		{D6F127EE-E801-4187-9A5F-0597FB6A88A9}.Release|Any CPU.Build.0 = Release|Any CPU
		{3049646D-3C10-4DB3-9FB1-2D9717B80C83}.Debug|Any CPU.ActiveCfg = Debug|Any CPU
		{3049646D-3C10-4DB3-9FB1-2D9717B80C83}.Debug|Any CPU.Build.0 = Debug|Any CPU
		{3049646D-3C10-4DB3-9FB1-2D9717B80C83}.Release|Any CPU.ActiveCfg = Release|Any CPU
		{3049646D-3C10-4DB3-9FB1-2D9717B80C83}.Release|Any CPU.Build.0 = Release|Any CPU
		{78217145-51F4-4482-BB49-B5B89FF925D5}.Debug|Any CPU.ActiveCfg = Debug|Any CPU
		{78217145-51F4-4482-BB49-B5B89FF925D5}.Debug|Any CPU.Build.0 = Debug|Any CPU
		{78217145-51F4-4482-BB49-B5B89FF925D5}.Release|Any CPU.ActiveCfg = Release|Any CPU
		{78217145-51F4-4482-BB49-B5B89FF925D5}.Release|Any CPU.Build.0 = Release|Any CPU
		{FF8BEC66-19E2-45B2-AB49-FB46027B15D3}.Debug|Any CPU.ActiveCfg = Debug|Any CPU
		{FF8BEC66-19E2-45B2-AB49-FB46027B15D3}.Debug|Any CPU.Build.0 = Debug|Any CPU
		{FF8BEC66-19E2-45B2-AB49-FB46027B15D3}.Release|Any CPU.ActiveCfg = Release|Any CPU
		{FF8BEC66-19E2-45B2-AB49-FB46027B15D3}.Release|Any CPU.Build.0 = Release|Any CPU
	EndGlobalSection
	GlobalSection(SolutionProperties) = preSolution
		HideSolutionNode = FALSE
	EndGlobalSection
	GlobalSection(NestedProjects) = preSolution
		{D4512B4C-B077-41BE-BB28-5489D16BAD7C} = {267CE050-2CA2-46C8-AA50-0F0568BD74C4}
		{57B9234F-5F48-4A35-BD14-1F90DEC05F21} = {267CE050-2CA2-46C8-AA50-0F0568BD74C4}
		{5320DDC4-AAF5-44DB-83B1-8B0CCE2FBCC2} = {267CE050-2CA2-46C8-AA50-0F0568BD74C4}
		{E2A634F8-A5FE-4380-9871-C1010C60A0EF} = {267CE050-2CA2-46C8-AA50-0F0568BD74C4}
		{AD7C5D8A-8F60-436F-B2A1-C2DFFF4071F7} = {60E26232-8042-42FA-96C9-81EA9157CF18}
		{0FB97755-6729-4273-B7A8-A40B0EC21CA9} = {60E26232-8042-42FA-96C9-81EA9157CF18}
		{87C6CD7F-30D7-4B25-BFDB-8B498AB7785B} = {F2ECA0D9-136D-482C-B46A-F8DE42857964}
		{D395D459-3053-45B1-93EF-137C04C71AE0} = {F2ECA0D9-136D-482C-B46A-F8DE42857964}
		{F1156124-A870-4BA8-9C04-7ECD659559EB} = {246A548F-4A62-4594-BDA7-F4D7856BE0D9}
		{72316C71-D700-4051-A045-4704CB94C2FB} = {9376BBF7-CE7A-44F4-9219-A93633629F81}
		{D6F127EE-E801-4187-9A5F-0597FB6A88A9} = {9376BBF7-CE7A-44F4-9219-A93633629F81}
		{3049646D-3C10-4DB3-9FB1-2D9717B80C83} = {09449129-1CC9-45E8-802A-E226D6517701}
		{78217145-51F4-4482-BB49-B5B89FF925D5} = {09449129-1CC9-45E8-802A-E226D6517701}
		{FF8BEC66-19E2-45B2-AB49-FB46027B15D3} = {09449129-1CC9-45E8-802A-E226D6517701}
	EndGlobalSection
	GlobalSection(ExtensibilityGlobals) = postSolution
		SolutionGuid = {152DCE60-6327-4DC5-8A0D-A7FE3BC821C6}
	EndGlobalSection
EndGlobal
